
Microsoft Visual Studio Solution File, Format Version 12.00
# Visual Studio 15
VisualStudioVersion = 15.0.28307.271
MinimumVisualStudioVersion = 10.0.40219.1
Project("{FAE04EC0-301F-11D3-BF4B-00C04F79EFBC}") = "IoTConsumer", "IoTConsumer\IoTConsumer.csproj", "{6799240D-8553-4432-BA4A-55D851DB064B}"
EndProject
Global
	GlobalSection(SolutionConfigurationPlatforms) = preSolution
		Debug|Any CPU = Debug|Any CPU
		Release|Any CPU = Release|Any CPU
	EndGlobalSection
	GlobalSection(ProjectConfigurationPlatforms) = postSolution
		{6799240D-8553-4432-BA4A-55D851DB064B}.Debug|Any CPU.ActiveCfg = Debug|Any CPU
		{6799240D-8553-4432-BA4A-55D851DB064B}.Debug|Any CPU.Build.0 = Debug|Any CPU
		{6799240D-8553-4432-BA4A-55D851DB064B}.Release|Any CPU.ActiveCfg = Release|Any CPU
		{6799240D-8553-4432-BA4A-55D851DB064B}.Release|Any CPU.Build.0 = Release|Any CPU
	EndGlobalSection
	GlobalSection(SolutionProperties) = preSolution
		HideSolutionNode = FALSE
	EndGlobalSection
	GlobalSection(ExtensibilityGlobals) = postSolution
		SolutionGuid = {459CF7FF-B2BB-41CB-92E2-6ADCBEFE6E23}
	EndGlobalSection
EndGlobal
